
Microsoft Visual Studio Solution File, Format Version 12.00
# Visual Studio Version 16
VisualStudioVersion = 16.0.30011.22
MinimumVisualStudioVersion = 10.0.40219.1
Project("{FAE04EC0-301F-11D3-BF4B-00C04F79EFBC}") = "JCFruit.Test.MatrixCalculator", "JCFruit.Test.MatrixCalculator\JCFruit.Test.MatrixCalculator.csproj", "{E8140CAA-0014-497D-97E1-7434472B11A3}"
EndProject
Project("{FAE04EC0-301F-11D3-BF4B-00C04F79EFBC}") = "JCFruit.Test.MatrixCalculator.Tests", "JCFruit.Test.MatrixCalculator.Tests\JCFruit.Test.MatrixCalculator.Tests.csproj", "{7A113060-BC23-4986-BD1E-A664DF2CB0E3}"
EndProject
Global
	GlobalSection(SolutionConfigurationPlatforms) = preSolution
		Debug|Any CPU = Debug|Any CPU
		Release|Any CPU = Release|Any CPU
	EndGlobalSection
	GlobalSection(ProjectConfigurationPlatforms) = postSolution
		{E8140CAA-0014-497D-97E1-7434472B11A3}.Debug|Any CPU.ActiveCfg = Debug|Any CPU
		{E8140CAA-0014-497D-97E1-7434472B11A3}.Debug|Any CPU.Build.0 = Debug|Any CPU
		{E8140CAA-0014-497D-97E1-7434472B11A3}.Release|Any CPU.ActiveCfg = Release|Any CPU
		{E8140CAA-0014-497D-97E1-7434472B11A3}.Release|Any CPU.Build.0 = Release|Any CPU
		{7A113060-BC23-4986-BD1E-A664DF2CB0E3}.Debug|Any CPU.ActiveCfg = Debug|Any CPU
		{7A113060-BC23-4986-BD1E-A664DF2CB0E3}.Debug|Any CPU.Build.0 = Debug|Any CPU
		{7A113060-BC23-4986-BD1E-A664DF2CB0E3}.Release|Any CPU.ActiveCfg = Release|Any CPU
		{7A113060-BC23-4986-BD1E-A664DF2CB0E3}.Release|Any CPU.Build.0 = Release|Any CPU
	EndGlobalSection
	GlobalSection(SolutionProperties) = preSolution
		HideSolutionNode = FALSE
	EndGlobalSection
	GlobalSection(ExtensibilityGlobals) = postSolution
		SolutionGuid = {F3C01A67-8030-4482-9B56-D3ADD10FCA8B}
	EndGlobalSection
EndGlobal
